
Microsoft Visual Studio Solution File, Format Version 12.00
# Visual Studio 15
VisualStudioVersion = 15.0.26430.15
MinimumVisualStudioVersion = 10.0.40219.1
Project("{FAE04EC0-301F-11D3-BF4B-00C04F79EFBC}") = "MoviesMais", "MoviesMais\MoviesMais.csproj", "{880D21F2-D2F6-4851-8205-D54EA6335F52}"
EndProject
Project("{FAE04EC0-301F-11D3-BF4B-00C04F79EFBC}") = "MoviesMais.RegrasDeNegocio", "MoviesMais.RegrasDeNegocio\MoviesMais.RegrasDeNegocio.csproj", "{234180CA-F83E-4BB6-B6FB-BECA5F88D23F}"
EndProject
Project("{FAE04EC0-301F-11D3-BF4B-00C04F79EFBC}") = "MoviesMais.AcessoDados", "MoviesMais.AcessoDados\MoviesMais.AcessoDados.csproj", "{9E0B561C-6AA2-44A2-8DE6-5F82B3BEEC99}"
EndProject
Global
	GlobalSection(SolutionConfigurationPlatforms) = preSolution
		Debug|Any CPU = Debug|Any CPU
		Release|Any CPU = Release|Any CPU
	EndGlobalSection
	GlobalSection(ProjectConfigurationPlatforms) = postSolution
		{880D21F2-D2F6-4851-8205-D54EA6335F52}.Debug|Any CPU.ActiveCfg = Debug|Any CPU
		{880D21F2-D2F6-4851-8205-D54EA6335F52}.Debug|Any CPU.Build.0 = Debug|Any CPU
		{880D21F2-D2F6-4851-8205-D54EA6335F52}.Release|Any CPU.ActiveCfg = Release|Any CPU
		{880D21F2-D2F6-4851-8205-D54EA6335F52}.Release|Any CPU.Build.0 = Release|Any CPU
		{234180CA-F83E-4BB6-B6FB-BECA5F88D23F}.Debug|Any CPU.ActiveCfg = Debug|Any CPU
		{234180CA-F83E-4BB6-B6FB-BECA5F88D23F}.Debug|Any CPU.Build.0 = Debug|Any CPU
		{234180CA-F83E-4BB6-B6FB-BECA5F88D23F}.Release|Any CPU.ActiveCfg = Release|Any CPU
		{234180CA-F83E-4BB6-B6FB-BECA5F88D23F}.Release|Any CPU.Build.0 = Release|Any CPU
		{9E0B561C-6AA2-44A2-8DE6-5F82B3BEEC99}.Debug|Any CPU.ActiveCfg = Debug|Any CPU
		{9E0B561C-6AA2-44A2-8DE6-5F82B3BEEC99}.Debug|Any CPU.Build.0 = Debug|Any CPU
		{9E0B561C-6AA2-44A2-8DE6-5F82B3BEEC99}.Release|Any CPU.ActiveCfg = Release|Any CPU
		{9E0B561C-6AA2-44A2-8DE6-5F82B3BEEC99}.Release|Any CPU.Build.0 = Release|Any CPU
	EndGlobalSection
	GlobalSection(SolutionProperties) = preSolution
		HideSolutionNode = FALSE
	EndGlobalSection
EndGlobal
